
Microsoft Visual Studio Solution File, Format Version 12.00
# Visual Studio Version 17
VisualStudioVersion = 17.7.34031.279
MinimumVisualStudioVersion = 10.0.40219.1
Project("{FAE04EC0-301F-11D3-BF4B-00C04F79EFBC}") = "NhaNam", "NhaNam\NhaNam.csproj", "{688A29A5-FAE3-4840-A36C-5CEC1A2B6065}"
EndProject
Global
	GlobalSection(SolutionConfigurationPlatforms) = preSolution
		Debug|Any CPU = Debug|Any CPU
		Release|Any CPU = Release|Any CPU
	EndGlobalSection
	GlobalSection(ProjectConfigurationPlatforms) = postSolution
		{688A29A5-FAE3-4840-A36C-5CEC1A2B6065}.Debug|Any CPU.ActiveCfg = Debug|Any CPU
		{688A29A5-FAE3-4840-A36C-5CEC1A2B6065}.Debug|Any CPU.Build.0 = Debug|Any CPU
		{688A29A5-FAE3-4840-A36C-5CEC1A2B6065}.Release|Any CPU.ActiveCfg = Release|Any CPU
		{688A29A5-FAE3-4840-A36C-5CEC1A2B6065}.Release|Any CPU.Build.0 = Release|Any CPU
	EndGlobalSection
	GlobalSection(SolutionProperties) = preSolution
		HideSolutionNode = FALSE
	EndGlobalSection
	GlobalSection(ExtensibilityGlobals) = postSolution
		SolutionGuid = {69037025-B18E-476E-93D3-E4214A6167E2}
	EndGlobalSection
EndGlobal
